github.com/klauspost/cpuid/v2 v2.4.0 h1:S6Hrbc7+ywsr0r+RLapfGBHfyefhCTwEh3A0tV913Dw=
github.com/klauspost/cpuid/v2 v2.4.0/go.mod h1:19jmZ9mjzoF//ddRSUsv0zfBTJWh3QJh9FNxZTMrGxU=
github.com/xtls/xray-core v1.260327.1-0.20260728075948-5ca6f4b7d4dc h1:fkOkmgHWbF2Q8MdV9VxrsyxRz4OndcrUXUkh1ANBTg0=
github.com/xtls/xray-core v1.260327.1-0.20260728075948-5ca6f4b7d4dc/go.mod h1:wukQoBGnQ6GaLTGuKwv8rCTgf80QxPj+6iznDZHQEWo=
golang.org/x/sys v0.47.0 h1:o7XGOvZQCADBQQ4Y7VNq2dRWQR7JmOUW8Kxx4ZsNgWs=
golang.org/x/sys v0.47.0/go.mod h1:4GL1E5IUh+htKOUEOaiffhrAeqysfVGipDYzABqnCmw=
